
Microsoft Visual Studio Solution File, Format Version 12.00
# Visual Studio Version 17
VisualStudioVersion = 17.14.36518.9 d17.14
MinimumVisualStudioVersion = 10.0.40219.1
Project("{FAE04EC0-301F-11D3-BF4B-00C04F79EFBC}") = "MvcWebAppFlight", "MvcWebAppFlight\MvcWebAppFlight.csproj", "{CBDACCB3-FA38-49C4-BEB5-F52377BCE2EA}"
EndProject
Global
	GlobalSection(SolutionConfigurationPlatforms) = preSolution
		Debug|Any CPU = Debug|Any CPU
		Release|Any CPU = Release|Any CPU
	EndGlobalSection
	GlobalSection(ProjectConfigurationPlatforms) = postSolution
		{CBDACCB3-FA38-49C4-BEB5-F52377BCE2EA}.Debug|Any CPU.ActiveCfg = Debug|Any CPU
		{CBDACCB3-FA38-49C4-BEB5-F52377BCE2EA}.Debug|Any CPU.Build.0 = Debug|Any CPU
		{CBDACCB3-FA38-49C4-BEB5-F52377BCE2EA}.Release|Any CPU.ActiveCfg = Release|Any CPU
		{CBDACCB3-FA38-49C4-BEB5-F52377BCE2EA}.Release|Any CPU.Build.0 = Release|Any CPU
	EndGlobalSection
	GlobalSection(SolutionProperties) = preSolution
		HideSolutionNode = FALSE
	EndGlobalSection
	GlobalSection(ExtensibilityGlobals) = postSolution
		SolutionGuid = {3D311900-9C53-4BB7-AAB6-5D5A548C8803}
	EndGlobalSection
EndGlobal
